
Microsoft Visual Studio Solution File, Format Version 12.00
# Visual Studio Version 17
VisualStudioVersion = 17.7.34221.43
MinimumVisualStudioVersion = 10.0.40219.1
Project("{FAE04EC0-301F-11D3-BF4B-00C04F79EFBC}") = "Coffee", "Coffee.csproj", "{B0377B32-5CFE-450F-9807-4D6D0694FAF7}"
EndProject
Global
	GlobalSection(SolutionConfigurationPlatforms) = preSolution
		Debug|Any CPU = Debug|Any CPU
		Release|Any CPU = Release|Any CPU
	EndGlobalSection
	GlobalSection(ProjectConfigurationPlatforms) = postSolution
		{B0377B32-5CFE-450F-9807-4D6D0694FAF7}.Debug|Any CPU.ActiveCfg = Debug|Any CPU
		{B0377B32-5CFE-450F-9807-4D6D0694FAF7}.Debug|Any CPU.Build.0 = Debug|Any CPU
		{B0377B32-5CFE-450F-9807-4D6D0694FAF7}.Release|Any CPU.ActiveCfg = Release|Any CPU
		{B0377B32-5CFE-450F-9807-4D6D0694FAF7}.Release|Any CPU.Build.0 = Release|Any CPU
	EndGlobalSection
	GlobalSection(SolutionProperties) = preSolution
		HideSolutionNode = FALSE
	EndGlobalSection
	GlobalSection(ExtensibilityGlobals) = postSolution
		SolutionGuid = {271DC310-07BE-490A-B5E7-BEC24D355260}
	EndGlobalSection
EndGlobal
